{
  "requires": true,
  "lockfileVersion": 1,
  "dependencies": {
    "darkreader": {
      "version": "4.9.32",
      "resolved": "https://registry.npmjs.org/darkreader/-/darkreader-4.9.32.tgz",
      "integrity": "sha512-llljeLTLLCXCyWAjNAH3i4+avMrOxJTZN3ASzAWhy78c3mt8w7DerwB/5Zq4NW/qmJbmuZ0RdIgj2nrlNZrv8A=="
    }
  }
}
